// !$*UTF8*$!
{
	archiveVersion = 1;
	classes = {
	};
	objectVersion = 56;
	objects = {

/* Begin PBXBuildFile section */
		FF341E7E2B4E6360001E627D /* AppDelegate.swift in Sources */ = {isa = PBXBuildFile; fileRef = FF341E7D2B4E6360001E627D /* AppDelegate.swift */; };
		FF341E802B4E6360001E627D /* SceneDelegate.swift in Sources */ = {isa = PBXBuildFile; fileRef = FF341E7F2B4E6360001E627D /* SceneDelegate.swift */; };
		FF341E822B4E6360001E627D /* ViewController.swift in Sources */ = {isa = PBXBuildFile; fileRef = FF341E812B4E6360001E627D /* ViewController.swift */; };
		FF341E852B4E6360001E627D /* Main.storyboard in Resources */ = {isa = PBXBuildFile; fileRef = FF341E832B4E6360001E627D /* Main.storyboard */; };
		FF341E872B4E6362001E627D /* Assets.xcassets in Resources */ = {isa = PBXBuildFile; fileRef = FF341E862B4E6362001E627D /* Assets.xcassets */; };
		FF341E8A2B4E6362001E627D /* LaunchScreen.storyboard in Resources */ = {isa = PBXBuildFile; fileRef = FF341E882B4E6362001E627D /* LaunchScreen.storyboard */; };
		FF341E952B4E6363001E627D /* CacthTheCartmanTheGameTests.swift in Sources */ = {isa = PBXBuildFile; fileRef = FF341E942B4E6363001E627D /* CacthTheCartmanTheGameTests.swift */; };
		FF341E9F2B4E6363001E627D /* CacthTheCartmanTheGameUITests.swift in Sources */ = {isa = PBXBuildFile; fileRef = FF341E9E2B4E6363001E627D /* CacthTheCartmanTheGameUITests.swift */; };
		FF341EA12B4E6363001E627D /* CacthTheCartmanTheGameUITestsLaunchTests.swift in Sources */ = {isa = PBXBuildFile; fileRef = FF341EA02B4E6363001E627D /* CacthTheCartmanTheGameUITestsLaunchTests.swift */; };
/* End PBXBuildFile section */

/* Begin PBXContainerItemProxy section */
		FF341E912B4E6363001E627D /* PBXContainerItemProxy */ = {
			isa = PBXContainerItemProxy;
			containerPortal = FF341E722B4E6360001E627D /* Project object */;
			proxyType = 1;
			remoteGlobalIDString = FF341E792B4E6360001E627D;
			remoteInfo = CacthTheCartmanTheGame;
		};
		FF341E9B2B4E6363001E627D /* PBXContainerItemProxy */ = {
			isa = PBXContainerItemProxy;
			containerPortal = FF341E722B4E6360001E627D /* Project object */;
			proxyType = 1;
			remoteGlobalIDString = FF341E792B4E6360001E627D;
			remoteInfo = CacthTheCartmanTheGame;
		};
/* End PBXContainerItemProxy section */

/* Begin PBXFileReference section */
		FF341E7A2B4E6360001E627D /* CacthTheCartmanTheGame.app */ = {isa = PBXFileReference; explicitFileType = wrapper.application; includeInIndex = 0; path = CacthTheCartmanTheGame.app; sourceTree = BUILT_PRODUCTS_DIR; };
		FF341E7D2B4E6360001E627D /* AppDelegate.swift */ = {isa = PBXFileReference; lastKnownFileType = sourcecode.swift; path = AppDelegate.swift; sourceTree = "<group>"; };
		FF341E7F2B4E6360001E627D /* SceneDelegate.swift */ = {isa = PBXFileReference; lastKnownFileType = sourcecode.swift; path = SceneDelegate.swift; sourceTree = "<group>"; };
		FF341E812B4E6360001E627D /* ViewController.swift */ = {isa = PBXFileReference; lastKnownFileType = sourcecode.swift; path = ViewController.swift; sourceTree = "<group>"; };
		FF341E842B4E6360001E627D /* Base */ = {isa = PBXFileReference; lastKnownFileType = file.storyboard; name = Base; path = Base.lproj/Main.storyboard; sourceTree = "<group>"; };
		FF341E862B4E6362001E627D /* Assets.xcassets */ = {isa = PBXFileReference; lastKnownFileType = folder.assetcatalog; path = Assets.xcassets; sourceTree = "<group>"; };
		FF341E892B4E6362001E627D /* Base */ = {isa = PBXFileReference; lastKnownFileType = file.storyboard; name = Base; path = Base.lproj/LaunchScreen.storyboard; sourceTree = "<group>"; };
		FF341E8B2B4E6362001E627D /* Info.plist */ = {isa = PBXFileReference; lastKnownFileType = text.plist.xml; path = Info.plist; sourceTree = "<group>"; };
		FF341E902B4E6363001E627D /* CacthTheCartmanTheGameTests.xctest */ = {isa = PBXFileReference; explicitFileType = wrapper.cfbundle; includeInIndex = 0; path = CacthTheCartmanTheGameTests.xctest; sourceTree = BUILT_PRODUCTS_DIR; };
		FF341E942B4E6363001E627D /* CacthTheCartmanTheGameTests.swift */ = {isa = PBXFileReference; lastKnownFileType = sourcecode.swift; path = CacthTheCartmanTheGameTests.swift; sourceTree = "<group>"; };
		FF341E9A2B4E6363001E627D /* CacthTheCartmanTheGameUITests.xctest */ = {isa = PBXFileReference; explicitFileType = wrapper.cfbundle; includeInIndex = 0; path = CacthTheCartmanTheGameUITests.xctest; sourceTree = BUILT_PRODUCTS_DIR; };
		FF341E9E2B4E6363001E627D /* CacthTheCartmanTheGameUITests.swift */ = {isa = PBXFileReference; lastKnownFileType = sourcecode.swift; path = CacthTheCartmanTheGameUITests.swift; sourceTree = "<group>"; };
		FF341EA02B4E6363001E627D /* CacthTheCartmanTheGameUITestsLaunchTests.swift */ = {isa = PBXFileReference; lastKnownFileType = sourcecode.swift; path = CacthTheCartmanTheGameUITestsLaunchTests.swift; sourceTree = "<group>"; };
/* End PBXFileReference section */

/* Begin PBXFrameworksBuildPhase section */
		FF341E772B4E6360001E627D /* Frameworks */ = {
			isa = PBXFrameworksBuildPhase;
			buildActionMask = 2147483647;
			files = (
			);
			runOnlyForDeploymentPostprocessing = 0;
		};
		FF341E8D2B4E6363001E627D /* Frameworks */ = {
			isa = PBXFrameworksBuildPhase;
			buildActionMask = 2147483647;
			files = (
			);
			runOnlyForDeploymentPostprocessing = 0;
		};
		FF341E972B4E6363001E627D /* Frameworks */ = {
			isa = PBXFrameworksBuildPhase;
			buildActionMask = 2147483647;
			files = (
			);
			runOnlyForDeploymentPostprocessing = 0;
		};
/* End PBXFrameworksBuildPhase section */

/* Begin PBXGroup section */
		FF341E712B4E6360001E627D = {
			isa = PBXGroup;
			children = (
				FF341E7C2B4E6360001E627D /* CacthTheCartmanTheGame */,
				FF341E932B4E6363001E627D /* CacthTheCartmanTheGameTests */,
				FF341E9D2B4E6363001E627D /* CacthTheCartmanTheGameUITests */,
				FF341E7B2B4E6360001E627D /* Products */,
			);
			sourceTree = "<group>";
		};
		FF341E7B2B4E6360001E627D /* Products */ = {
			isa = PBXGroup;
			children = (
				FF341E7A2B4E6360001E627D /* CacthTheCartmanTheGame.app */,
				FF341E902B4E6363001E627D /* CacthTheCartmanTheGameTests.xctest */,
				FF341E9A2B4E6363001E627D /* CacthTheCartmanTheGameUITests.xctest */,
			);
			name = Products;
			sourceTree = "<group>";
		};
		FF341E7C2B4E6360001E627D /* CacthTheCartmanTheGame */ = {
			isa = PBXGroup;
			children = (
				FF341E7D2B4E6360001E627D /* AppDelegate.swift */,
				FF341E7F2B4E6360001E627D /* SceneDelegate.swift */,
				FF341E812B4E6360001E627D /* ViewController.swift */,
				FF341E832B4E6360001E627D /* Main.storyboard */,
				FF341E862B4E6362001E627D /* Assets.xcassets */,
				FF341E882B4E6362001E627D /* LaunchScreen.storyboard */,
				FF341E8B2B4E6362001E627D /* Info.plist */,
			);
			path = CacthTheCartmanTheGame;
			sourceTree = "<group>";
		};
		FF341E932B4E6363001E627D /* CacthTheCartmanTheGameTests */ = {
			isa = PBXGroup;
			children = (
				FF341E942B4E6363001E627D /* CacthTheCartmanTheGameTests.swift */,
			);
			path = CacthTheCartmanTheGameTests;
			sourceTree = "<group>";
		};
		FF341E9D2B4E6363001E627D /* CacthTheCartmanTheGameUITests */ = {
			isa = PBXGroup;
			children = (
				FF341E9E2B4E6363001E627D /* CacthTheCartmanTheGameUITests.swift */,
				FF341EA02B4E6363001E627D /* CacthTheCartmanTheGameUITestsLaunchTests.swift */,
			);
			path = CacthTheCartmanTheGameUITests;
			sourceTree = "<group>";
		};
/* End PBXGroup section */

/* Begin PBXNativeTarget section */
		FF341E792B4E6360001E627D /* CacthTheCartmanTheGame */ = {
			isa = PBXNativeTarget;
			buildConfigurationList = FF341EA42B4E6363001E627D /* Build configuration list for PBXNativeTarget "CacthTheCartmanTheGame" */;
			buildPhases = (
				FF341E762B4E6360001E627D /* Sources */,
				FF341E772B4E6360001E627D /* Frameworks */,
				FF341E782B4E6360001E627D /* Resources */,
			);
			buildRules = (
			);
			dependencies = (
			);
			name = CacthTheCartmanTheGame;
			productName = CacthTheCartmanTheGame;
			productReference = FF341E7A2B4E6360001E627D /* CacthTheCartmanTheGame.app */;
			productType = "com.apple.product-type.application";
		};
		FF341E8F2B4E6363001E627D /* CacthTheCartmanTheGameTests */ = {
			isa = PBXNativeTarget;
			buildConfigurationList = FF341EA72B4E6363001E627D /* Build configuration list for PBXNativeTarget "CacthTheCartmanTheGameTests" */;
			buildPhases = (
				FF341E8C2B4E6363001E627D /* Sources */,
				FF341E8D2B4E6363001E627D /* Frameworks */,
				FF341E8E2B4E6363001E627D /* Resources */,
			);
			buildRules = (
			);
			dependencies = (
				FF341E922B4E6363001E627D /* PBXTargetDependency */,
			);
			name = CacthTheCartmanTheGameTests;
			productName = CacthTheCartmanTheGameTests;
			productReference = FF341E902B4E6363001E627D /* CacthTheCartmanTheGameTests.xctest */;
			productType = "com.apple.product-type.bundle.unit-test";
		};
		FF341E992B4E6363001E627D /* CacthTheCartmanTheGameUITests */ = {
			isa = PBXNativeTarget;
			buildConfigurationList = FF341EAA2B4E6363001E627D /* Build configuration list for PBXNativeTarget "CacthTheCartmanTheGameUITests" */;
			buildPhases = (
				FF341E962B4E6363001E627D /* Sources */,
				FF341E972B4E6363001E627D /* Frameworks */,
				FF341E982B4E6363001E627D /* Resources */,
			);
			buildRules = (
			);
			dependencies = (
				FF341E9C2B4E6363001E627D /* PBXTargetDependency */,
			);
			name = CacthTheCartmanTheGameUITests;
			productName = CacthTheCartmanTheGameUITests;
			productReference = FF341E9A2B4E6363001E627D /* CacthTheCartmanTheGameUITests.xctest */;
			productType = "com.apple.product-type.bundle.ui-testing";
		};
/* End PBXNativeTarget section */

/* Begin PBXProject section */
		FF341E722B4E6360001E627D /* Project object */ = {
			isa = PBXProject;
			attributes = {
				BuildIndependentTargetsInParallel = 1;
				LastSwiftUpdateCheck = 1510;
				LastUpgradeCheck = 1510;
				TargetAttributes = {
					FF341E792B4E6360001E627D = {
						CreatedOnToolsVersion = 15.1;
					};
					FF341E8F2B4E6363001E627D = {
						CreatedOnToolsVersion = 15.1;
						TestTargetID = FF341E792B4E6360001E627D;
					};
					FF341E992B4E6363001E627D = {
						CreatedOnToolsVersion = 15.1;
						TestTargetID = FF341E792B4E6360001E627D;
					};
				};
			};
			buildConfigurationList = FF341E752B4E6360001E627D /* Build configuration list for PBXProject "CacthTheCartmanTheGame" */;
			compatibilityVersion = "Xcode 14.0";
			developmentRegion = en;
			hasScannedForEncodings = 0;
			knownRegions = (
				en,
				Base,
			);
			mainGroup = FF341E712B4E6360001E627D;
			productRefGroup = FF341E7B2B4E6360001E627D /* Products */;
			projectDirPath = "";
			projectRoot = "";
			targets = (
				FF341E792B4E6360001E627D /* CacthTheCartmanTheGame */,
				FF341E8F2B4E6363001E627D /* CacthTheCartmanTheGameTests */,
				FF341E992B4E6363001E627D /* CacthTheCartmanTheGameUITests */,
			);
		};
/* End PBXProject section */

/* Begin PBXResourcesBuildPhase section */
		FF341E782B4E6360001E627D /* Resources */ = {
			isa = PBXResourcesBuildPhase;
			buildActionMask = 2147483647;
			files = (
				FF341E8A2B4E6362001E627D /* LaunchScreen.storyboard in Resources */,
				FF341E872B4E6362001E627D /* Assets.xcassets in Resources */,
				FF341E852B4E6360001E627D /* Main.storyboard in Resources */,
			);
			runOnlyForDeploymentPostprocessing = 0;
		};
		FF341E8E2B4E6363001E627D /* Resources */ = {
			isa = PBXResourcesBuildPhase;
			buildActionMask = 2147483647;
			files = (
			);
			runOnlyForDeploymentPostprocessing = 0;
		};
		FF341E982B4E6363001E627D /* Resources */ = {
			isa = PBXResourcesBuildPhase;
			buildActionMask = 2147483647;
			files = (
			);
			runOnlyForDeploymentPostprocessing = 0;
		};
/* End PBXResourcesBuildPhase section */

/* Begin PBXSourcesBuildPhase section */
		FF341E762B4E6360001E627D /* Sources */ = {
			isa = PBXSourcesBuildPhase;
			buildActionMask = 2147483647;
			files = (
				FF341E822B4E6360001E627D /* ViewController.swift in Sources */,
				FF341E7E2B4E6360001E627D /* AppDelegate.swift in Sources */,
				FF341E802B4E6360001E627D /* SceneDelegate.swift in Sources */,
			);
			runOnlyForDeploymentPostprocessing = 0;
		};
		FF341E8C2B4E6363001E627D /* Sources */ = {
			isa = PBXSourcesBuildPhase;
			buildActionMask = 2147483647;
			files = (
				FF341E952B4E6363001E627D /* CacthTheCartmanTheGameTests.swift in Sources */,
			);
			runOnlyForDeploymentPostprocessing = 0;
		};
		FF341E962B4E6363001E627D /* Sources */ = {
			isa = PBXSourcesBuildPhase;
			buildActionMask = 2147483647;
			files = (
				FF341E9F2B4E6363001E627D /* CacthTheCartmanTheGameUITests.swift in Sources */,
				FF341EA12B4E6363001E627D /* CacthTheCartmanTheGameUITestsLaunchTests.swift in Sources */,
			);
			runOnlyForDeploymentPostprocessing = 0;
		};
/* End PBXSourcesBuildPhase section */

/* Begin PBXTargetDependency section */
		FF341E922B4E6363001E627D /* PBXTargetDependency */ = {
			isa = PBXTargetDependency;
			target = FF341E792B4E6360001E627D /* CacthTheCartmanTheGame */;
			targetProxy = FF341E912B4E6363001E627D /* PBXContainerItemProxy */;
		};
		FF341E9C2B4E6363001E627D /* PBXTargetDependency */ = {
			isa = PBXTargetDependency;
			target = FF341E792B4E6360001E627D /* CacthTheCartmanTheGame */;
			targetProxy = FF341E9B2B4E6363001E627D /* PBXContainerItemProxy */;
		};
/* End PBXTargetDependency section */

/* Begin PBXVariantGroup section */
		FF341E832B4E6360001E627D /* Main.storyboard */ = {
			isa = PBXVariantGroup;
			children = (
				FF341E842B4E6360001E627D /* Base */,
			);
			name = Main.storyboard;
			sourceTree = "<group>";
		};
		FF341E882B4E6362001E627D /* LaunchScreen.storyboard */ = {
			isa = PBXVariantGroup;
			children = (
				FF341E892B4E6362001E627D /* Base */,
			);
			name = LaunchScreen.storyboard;
			sourceTree = "<group>";
		};
/* End PBXVariantGroup section */

/* Begin XCBuildConfiguration section */
		FF341EA22B4E6363001E627D /* Debug */ = {
			isa = XCBuildConfiguration;
			buildSettings = {
				ALWAYS_SEARCH_USER_PATHS = NO;
				ASSETCATALOG_COMPILER_GENERATE_SWIFT_ASSET_SYMBOL_EXTENSIONS = YES;
				CLANG_ANALYZER_NONNULL = YES;
				CLANG_ANALYZER_NUMBER_OBJECT_CONVERSION = YES_AGGRESSIVE;
				CLANG_CXX_LANGUAGE_STANDARD = "gnu++20";
				CLANG_ENABLE_MODULES = YES;
				CLANG_ENABLE_OBJC_ARC = YES;
				CLANG_ENABLE_OBJC_WEAK = YES;
				CLANG_WARN_BLOCK_CAPTURE_AUTORELEASING = YES;
				CLANG_WARN_BOOL_CONVERSION = YES;
				CLANG_WARN_COMMA = YES;
				CLANG_WARN_CONSTANT_CONVERSION = YES;
				CLANG_WARN_DEPRECATED_OBJC_IMPLEMENTATIONS = YES;
				CLANG_WARN_DIRECT_OBJC_ISA_USAGE = YES_ERROR;
				CLANG_WARN_DOCUMENTATION_COMMENTS = YES;
				CLANG_WARN_EMPTY_BODY = YES;
				CLANG_WARN_ENUM_CONVERSION = YES;
				CLANG_WARN_INFINITE_RECURSION = YES;
				CLANG_WARN_INT_CONVERSION = YES;
				CLANG_WARN_NON_LITERAL_NULL_CONVERSION = YES;
				CLANG_WARN_OBJC_IMPLICIT_RETAIN_SELF = YES;
				CLANG_WARN_OBJC_LITERAL_CONVERSION = YES;
				CLANG_WARN_OBJC_ROOT_CLASS = YES_ERROR;
				CLANG_WARN_QUOTED_INCLUDE_IN_FRAMEWORK_HEADER = YES;
				CLANG_WARN_RANGE_LOOP_ANALYSIS = YES;
				CLANG_WARN_STRICT_PROTOTYPES = YES;
				CLANG_WARN_SUSPICIOUS_MOVE = YES;
				CLANG_WARN_UNGUARDED_AVAILABILITY = YES_AGGRESSIVE;
				CLANG_WARN_UNREACHABLE_CODE = YES;
				CLANG_WARN__DUPLICATE_METHOD_MATCH = YES;
				COPY_PHASE_STRIP = NO;
				DEBUG_INFORMATION_FORMAT = dwarf;
				ENABLE_STRICT_OBJC_MSGSEND = YES;
				ENABLE_TESTABILITY = YES;
				ENABLE_USER_SCRIPT_SANDBOXING = YES;
				GCC_C_LANGUAGE_STANDARD = gnu17;
				GCC_DYNAMIC_NO_PIC = NO;
				GCC_NO_COMMON_BLOCKS = YES;
				GCC_OPTIMIZATION_LEVEL = 0;
				GCC_PREPROCESSOR_DEFINITIONS = (
					"DEBUG=1",
					"$(inherited)",
				);
				GCC_WARN_64_TO_32_BIT_CONVERSION = YES;
				GCC_WARN_ABOUT_RETURN_TYPE = YES_ERROR;
				GCC_WARN_UNDECLARED_SELECTOR = YES;
				GCC_WARN_UNINITIALIZED_AUTOS = YES_AGGRESSIVE;
				GCC_WARN_UNUSED_FUNCTION = YES;
				GCC_WARN_UNUSED_VARIABLE = YES;
				IPHONEOS_DEPLOYMENT_TARGET = 17.2;
				LOCALIZATION_PREFERS_STRING_CATALOGS = YES;
				MTL_ENABLE_DEBUG_INFO = INCLUDE_SOURCE;
				MTL_FAST_MATH = YES;
				ONLY_ACTIVE_ARCH = YES;
				SDKROOT = iphoneos;
				SWIFT_ACTIVE_COMPILATION_CONDITIONS = "DEBUG $(inherited)";
				SWIFT_OPTIMIZATION_LEVEL = "-Onone";
			};
			name = Debug;
		};
		FF341EA32B4E6363001E627D /* Release */ = {
			isa = XCBuildConfiguration;
			buildSettings = {
				ALWAYS_SEARCH_USER_PATHS = NO;
				ASSETCATALOG_COMPILER_GENERATE_SWIFT_ASSET_SYMBOL_EXTENSIONS = YES;
				CLANG_ANALYZER_NONNULL = YES;
				CLANG_ANALYZER_NUMBER_OBJECT_CONVERSION = YES_AGGRESSIVE;
				CLANG_CXX_LANGUAGE_STANDARD = "gnu++20";
				CLANG_ENABLE_MODULES = YES;
				CLANG_ENABLE_OBJC_ARC = YES;
				CLANG_ENABLE_OBJC_WEAK = YES;
				CLANG_WARN_BLOCK_CAPTURE_AUTORELEASING = YES;
				CLANG_WARN_BOOL_CONVERSION = YES;
				CLANG_WARN_COMMA = YES;
				CLANG_WARN_CONSTANT_CONVERSION = YES;
				CLANG_WARN_DEPRECATED_OBJC_IMPLEMENTATIONS = YES;
				CLANG_WARN_DIRECT_OBJC_ISA_USAGE = YES_ERROR;
				CLANG_WARN_DOCUMENTATION_COMMENTS = YES;
				CLANG_WARN_EMPTY_BODY = YES;
				CLANG_WARN_ENUM_CONVERSION = YES;
				CLANG_WARN_INFINITE_RECURSION = YES;
				CLANG_WARN_INT_CONVERSION = YES;
				CLANG_WARN_NON_LITERAL_NULL_CONVERSION = YES;
				CLANG_WARN_OBJC_IMPLICIT_RETAIN_SELF = YES;
				CLANG_WARN_OBJC_LITERAL_CONVERSION = YES;
				CLANG_WARN_OBJC_ROOT_CLASS = YES_ERROR;
				CLANG_WARN_QUOTED_INCLUDE_IN_FRAMEWORK_HEADER = YES;
				CLANG_WARN_RANGE_LOOP_ANALYSIS = YES;
				CLANG_WARN_STRICT_PROTOTYPES = YES;
				CLANG_WARN_SUSPICIOUS_MOVE = YES;
				CLANG_WARN_UNGUARDED_AVAILABILITY = YES_AGGRESSIVE;
				CLANG_WARN_UNREACHABLE_CODE = YES;
				CLANG_WARN__DUPLICATE_METHOD_MATCH = YES;
				COPY_PHASE_STRIP = NO;
				DEBUG_INFORMATION_FORMAT = "dwarf-with-dsym";
				ENABLE_NS_ASSERTIONS = NO;
				ENABLE_STRICT_OBJC_MSGSEND = YES;
				ENABLE_USER_SCRIPT_SANDBOXING = YES;
				GCC_C_LANGUAGE_STANDARD = gnu17;
				GCC_NO_COMMON_BLOCKS = YES;
				GCC_WARN_64_TO_32_BIT_CONVERSION = YES;
				GCC_WARN_ABOUT_RETURN_TYPE = YES_ERROR;
				GCC_WARN_UNDECLARED_SELECTOR = YES;
				GCC_WARN_UNINITIALIZED_AUTOS = YES_AGGRESSIVE;
				GCC_WARN_UNUSED_FUNCTION = YES;
				GCC_WARN_UNUSED_VARIABLE = YES;
				IPHONEOS_DEPLOYMENT_TARGET = 17.2;
				LOCALIZATION_PREFERS_STRING_CATALOGS = YES;
				MTL_ENABLE_DEBUG_INFO = NO;
				MTL_FAST_MATH = YES;
				SDKROOT = iphoneos;
				SWIFT_COMPILATION_MODE = wholemodule;
				VALIDATE_PRODUCT = YES;
			};
			name = Release;
		};
		FF341EA52B4E6363001E627D /* Debug */ = {
			isa = XCBuildConfiguration;
			buildSettings = {
				ASSETCATALOG_COMPILER_APPICON_NAME = AppIcon;
				ASSETCATALOG_COMPILER_GLOBAL_ACCENT_COLOR_NAME = AccentColor;
				CODE_SIGN_STYLE = Automatic;
				CURRENT_PROJECT_VERSION = 1;
				DEVELOPMENT_TEAM = 446MW2YJ9K;
				GENERATE_INFOPLIST_FILE = YES;
				INFOPLIST_FILE = CacthTheCartmanTheGame/Info.plist;
				INFOPLIST_KEY_UIApplicationSupportsIndirectInputEvents = YES;
				INFOPLIST_KEY_UILaunchStoryboardName = LaunchScreen;
				INFOPLIST_KEY_UIMainStoryboardFile = Main;
				INFOPLIST_KEY_UISupportedInterfaceOrientations_iPad = "UIInterfaceOrientationPortrait UIInterfaceOrientationPortraitUpsideDown UIInterfaceOrientationLandscapeLeft UIInterfaceOrientationLandscapeRight";
				INFOPLIST_KEY_UISupportedInterfaceOrientations_iPhone = "UIInterfaceOrientationPortrait UIInterfaceOrientationLandscapeLeft UIInterfaceOrientationLandscapeRight";
				LD_RUNPATH_SEARCH_PATHS = (
					"$(inherited)",
					"@executable_path/Frameworks",
				);
				MARKETING_VERSION = 1.0;
				PRODUCT_BUNDLE_IDENTIFIER = com.aydin.CacthTheCartmanTheGame;
				PRODUCT_NAME = "$(TARGET_NAME)";
				SWIFT_EMIT_LOC_STRINGS = YES;
				SWIFT_VERSION = 5.0;
				TARGETED_DEVICE_FAMILY = "1,2";
			};
			name = Debug;
		};
		FF341EA62B4E6363001E627D /* Release */ = {
			isa = XCBuildConfiguration;
			buildSettings = {
				ASSETCATALOG_COMPILER_APPICON_NAME = AppIcon;
				ASSETCATALOG_COMPILER_GLOBAL_ACCENT_COLOR_NAME = AccentColor;
				CODE_SIGN_STYLE = Automatic;
				CURRENT_PROJECT_VERSION = 1;
				DEVELOPMENT_TEAM = 446MW2YJ9K;
				GENERATE_INFOPLIST_FILE = YES;
				INFOPLIST_FILE = CacthTheCartmanTheGame/Info.plist;
				INFOPLIST_KEY_UIApplicationSupportsIndirectInputEvents = YES;
				INFOPLIST_KEY_UILaunchStoryboardName = LaunchScreen;
				INFOPLIST_KEY_UIMainStoryboardFile = Main;
				INFOPLIST_KEY_UISupportedInterfaceOrientations_iPad = "UIInterfaceOrientationPortrait UIInterfaceOrientationPortraitUpsideDown UIInterfaceOrientationLandscapeLeft UIInterfaceOrientationLandscapeRight";
				INFOPLIST_KEY_UISupportedInterfaceOrientations_iPhone = "UIInterfaceOrientationPortrait UIInterfaceOrientationLandscapeLeft UIInterfaceOrientationLandscapeRight";
				LD_RUNPATH_SEARCH_PATHS = (
					"$(inherited)",
					"@executable_path/Frameworks",
				);
				MARKETING_VERSION = 1.0;
				PRODUCT_BUNDLE_IDENTIFIER = com.aydin.CacthTheCartmanTheGame;
				PRODUCT_NAME = "$(TARGET_NAME)";
				SWIFT_EMIT_LOC_STRINGS = YES;
				SWIFT_VERSION = 5.0;
				TARGETED_DEVICE_FAMILY = "1,2";
			};
			name = Release;
		};
		FF341EA82B4E6363001E627D /* Debug */ = {
			isa = XCBuildConfiguration;
			buildSettings = {
				ALWAYS_EMBED_SWIFT_STANDARD_LIBRARIES = YES;
				BUNDLE_LOADER = "$(TEST_HOST)";
				CODE_SIGN_STYLE = Automatic;
				CURRENT_PROJECT_VERSION = 1;
				DEVELOPMENT_TEAM = 446MW2YJ9K;
				GENERATE_INFOPLIST_FILE = YES;
				IPHONEOS_DEPLOYMENT_TARGET = 17.2;
				MARKETING_VERSION = 1.0;
				PRODUCT_BUNDLE_IDENTIFIER = com.aydin.CacthTheCartmanTheGameTests;
				PRODUCT_NAME = "$(TARGET_NAME)";
				SWIFT_EMIT_LOC_STRINGS = NO;
				SWIFT_VERSION = 5.0;
				TARGETED_DEVICE_FAMILY = "1,2";
				TEST_HOST = "$(BUILT_PRODUCTS_DIR)/CacthTheCartmanTheGame.app/$(BUNDLE_EXECUTABLE_FOLDER_PATH)/CacthTheCartmanTheGame";
			};
			name = Debug;
		};
		FF341EA92B4E6363001E627D /* Release */ = {
			isa = XCBuildConfiguration;
			buildSettings = {
				ALWAYS_EMBED_SWIFT_STANDARD_LIBRARIES = YES;
				BUNDLE_LOADER = "$(TEST_HOST)";
				CODE_SIGN_STYLE = Automatic;
				CURRENT_PROJECT_VERSION = 1;
				DEVELOPMENT_TEAM = 446MW2YJ9K;
				GENERATE_INFOPLIST_FILE = YES;
				IPHONEOS_DEPLOYMENT_TARGET = 17.2;
				MARKETING_VERSION = 1.0;
				PRODUCT_BUNDLE_IDENTIFIER = com.aydin.CacthTheCartmanTheGameTests;
				PRODUCT_NAME = "$(TARGET_NAME)";
				SWIFT_EMIT_LOC_STRINGS = NO;
				SWIFT_VERSION = 5.0;
				TARGETED_DEVICE_FAMILY = "1,2";
				TEST_HOST = "$(BUILT_PRODUCTS_DIR)/CacthTheCartmanTheGame.app/$(BUNDLE_EXECUTABLE_FOLDER_PATH)/CacthTheCartmanTheGame";
			};
			name = Release;
		};
		FF341EAB2B4E6363001E627D /* Debug */ = {
			isa = XCBuildConfiguration;
			buildSettings = {
				ALWAYS_EMBED_SWIFT_STANDARD_LIBRARIES = YES;
				CODE_SIGN_STYLE = Automatic;
				CURRENT_PROJECT_VERSION = 1;
				DEVELOPMENT_TEAM = 446MW2YJ9K;
				GENERATE_INFOPLIST_FILE = YES;
				MARKETING_VERSION = 1.0;
				PRODUCT_BUNDLE_IDENTIFIER = com.aydin.CacthTheCartmanTheGameUITests;
				PRODUCT_NAME = "$(TARGET_NAME)";
				SWIFT_EMIT_LOC_STRINGS = NO;
				SWIFT_VERSION = 5.0;
				TARGETED_DEVICE_FAMILY = "1,2";
				TEST_TARGET_NAME = CacthTheCartmanTheGame;
			};
			name = Debug;
		};
		FF341EAC2B4E6363001E627D /* Release */ = {
			isa = XCBuildConfiguration;
			buildSettings = {
				ALWAYS_EMBED_SWIFT_STANDARD_LIBRARIES = YES;
				CODE_SIGN_STYLE = Automatic;
				CURRENT_PROJECT_VERSION = 1;
				DEVELOPMENT_TEAM = 446MW2YJ9K;
				GENERATE_INFOPLIST_FILE = YES;
				MARKETING_VERSION = 1.0;
				PRODUCT_BUNDLE_IDENTIFIER = com.aydin.CacthTheCartmanTheGameUITests;
				PRODUCT_NAME = "$(TARGET_NAME)";
				SWIFT_EMIT_LOC_STRINGS = NO;
				SWIFT_VERSION = 5.0;
				TARGETED_DEVICE_FAMILY = "1,2";
				TEST_TARGET_NAME = CacthTheCartmanTheGame;
			};
			name = Release;
		};
/* End XCBuildConfiguration section */

/* Begin XCConfigurationList section */
		FF341E752B4E6360001E627D /* Build configuration list for PBXProject "CacthTheCartmanTheGame" */ = {
			isa = XCConfigurationList;
			buildConfigurations = (
				FF341EA22B4E6363001E627D /* Debug */,
				FF341EA32B4E6363001E627D /* Release */,
			);
			defaultConfigurationIsVisible = 0;
			defaultConfigurationName = Release;
		};
		FF341EA42B4E6363001E627D /* Build configuration list for PBXNativeTarget "CacthTheCartmanTheGame" */ = {
			isa = XCConfigurationList;
			buildConfigurations = (
				FF341EA52B4E6363001E627D /* Debug */,
				FF341EA62B4E6363001E627D /* Release */,
			);
			defaultConfigurationIsVisible = 0;
			defaultConfigurationName = Release;
		};
		FF341EA72B4E6363001E627D /* Build configuration list for PBXNativeTarget "CacthTheCartmanTheGameTests" */ = {
			isa = XCConfigurationList;
			buildConfigurations = (
				FF341EA82B4E6363001E627D /* Debug */,
				FF341EA92B4E6363001E627D /* Release */,
			);
			defaultConfigurationIsVisible = 0;
			defaultConfigurationName = Release;
		};
		FF341EAA2B4E6363001E627D /* Build configuration list for PBXNativeTarget "CacthTheCartmanTheGameUITests" */ = {
			isa = XCConfigurationList;
			buildConfigurations = (
				FF341EAB2B4E6363001E627D /* Debug */,
				FF341EAC2B4E6363001E627D /* Release */,
			);
			defaultConfigurationIsVisible = 0;
			defaultConfigurationName = Release;
		};
/* End XCConfigurationList section */
	};
	rootObject = FF341E722B4E6360001E627D /* Project object */;
}
